
Microsoft Visual Studio Solution File, Format Version 12.00
# Visual Studio Version 17
VisualStudioVersion = 17.14.36401.2 d17.14
MinimumVisualStudioVersion = 10.0.40219.1
Project("{FAE04EC0-301F-11D3-BF4B-00C04F79EFBC}") = "wpf_gyak1", "wpf_gyak1.csproj", "{4E0DB747-407D-4065-9B11-50F2A583D100}"
EndProject
Global
	GlobalSection(SolutionConfigurationPlatforms) = preSolution
		Debug|Any CPU = Debug|Any CPU
		Release|Any CPU = Release|Any CPU
	EndGlobalSection
	GlobalSection(ProjectConfigurationPlatforms) = postSolution
		{4E0DB747-407D-4065-9B11-50F2A583D100}.Debug|Any CPU.ActiveCfg = Debug|Any CPU
		{4E0DB747-407D-4065-9B11-50F2A583D100}.Debug|Any CPU.Build.0 = Debug|Any CPU
		{4E0DB747-407D-4065-9B11-50F2A583D100}.Release|Any CPU.ActiveCfg = Release|Any CPU
		{4E0DB747-407D-4065-9B11-50F2A583D100}.Release|Any CPU.Build.0 = Release|Any CPU
	EndGlobalSection
	GlobalSection(SolutionProperties) = preSolution
		HideSolutionNode = FALSE
	EndGlobalSection
	GlobalSection(ExtensibilityGlobals) = postSolution
		SolutionGuid = {E6301B3B-DCBC-4556-9DBC-A5648C1D56BD}
	EndGlobalSection
EndGlobal
