
Microsoft Visual Studio Solution File, Format Version 12.00
# Visual Studio Version 17
VisualStudioVersion = 17.14.36401.2 d17.14
MinimumVisualStudioVersion = 10.0.40219.1
Project("{FAE04EC0-301F-11D3-BF4B-00C04F79EFBC}") = "szalag", "szalag.csproj", "{74D88B48-E594-4424-9A73-A717EED6750B}"
EndProject
Global
	GlobalSection(SolutionConfigurationPlatforms) = preSolution
		Debug|Any CPU = Debug|Any CPU
		Release|Any CPU = Release|Any CPU
	EndGlobalSection
	GlobalSection(ProjectConfigurationPlatforms) = postSolution
		{74D88B48-E594-4424-9A73-A717EED6750B}.Debug|Any CPU.ActiveCfg = Debug|Any CPU
		{74D88B48-E594-4424-9A73-A717EED6750B}.Debug|Any CPU.Build.0 = Debug|Any CPU
		{74D88B48-E594-4424-9A73-A717EED6750B}.Release|Any CPU.ActiveCfg = Release|Any CPU
		{74D88B48-E594-4424-9A73-A717EED6750B}.Release|Any CPU.Build.0 = Release|Any CPU
	EndGlobalSection
	GlobalSection(SolutionProperties) = preSolution
		HideSolutionNode = FALSE
	EndGlobalSection
	GlobalSection(ExtensibilityGlobals) = postSolution
		SolutionGuid = {57B50C1C-956F-4960-9E3E-DC8B25B46727}
	EndGlobalSection
EndGlobal
