
Microsoft Visual Studio Solution File, Format Version 12.00
# Visual Studio Version 17
VisualStudioVersion = 17.14.36401.2 d17.14
MinimumVisualStudioVersion = 10.0.40219.1
Project("{FAE04EC0-301F-11D3-BF4B-00C04F79EFBC}") = "sebesseg", "sebesseg.csproj", "{7E75C18A-6A0D-456C-B80C-6827A4347AEB}"
EndProject
Global
	GlobalSection(SolutionConfigurationPlatforms) = preSolution
		Debug|Any CPU = Debug|Any CPU
		Release|Any CPU = Release|Any CPU
	EndGlobalSection
	GlobalSection(ProjectConfigurationPlatforms) = postSolution
		{7E75C18A-6A0D-456C-B80C-6827A4347AEB}.Debug|Any CPU.ActiveCfg = Debug|Any CPU
		{7E75C18A-6A0D-456C-B80C-6827A4347AEB}.Debug|Any CPU.Build.0 = Debug|Any CPU
		{7E75C18A-6A0D-456C-B80C-6827A4347AEB}.Release|Any CPU.ActiveCfg = Release|Any CPU
		{7E75C18A-6A0D-456C-B80C-6827A4347AEB}.Release|Any CPU.Build.0 = Release|Any CPU
	EndGlobalSection
	GlobalSection(SolutionProperties) = preSolution
		HideSolutionNode = FALSE
	EndGlobalSection
	GlobalSection(ExtensibilityGlobals) = postSolution
		SolutionGuid = {6753DD4B-0B04-4727-94D6-7EA5E70D509D}
	EndGlobalSection
EndGlobal
