
Microsoft Visual Studio Solution File, Format Version 12.00
# Visual Studio Version 17
VisualStudioVersion = 17.14.36401.2 d17.14
MinimumVisualStudioVersion = 10.0.40219.1
Project("{FAE04EC0-301F-11D3-BF4B-00C04F79EFBC}") = "autok-wpf", "autok-wpf.csproj", "{1501B4D7-3C46-43BC-9BAD-EEF9E9693380}"
EndProject
Global
	GlobalSection(SolutionConfigurationPlatforms) = preSolution
		Debug|Any CPU = Debug|Any CPU
		Release|Any CPU = Release|Any CPU
	EndGlobalSection
	GlobalSection(ProjectConfigurationPlatforms) = postSolution
		{1501B4D7-3C46-43BC-9BAD-EEF9E9693380}.Debug|Any CPU.ActiveCfg = Debug|Any CPU
		{1501B4D7-3C46-43BC-9BAD-EEF9E9693380}.Debug|Any CPU.Build.0 = Debug|Any CPU
		{1501B4D7-3C46-43BC-9BAD-EEF9E9693380}.Release|Any CPU.ActiveCfg = Release|Any CPU
		{1501B4D7-3C46-43BC-9BAD-EEF9E9693380}.Release|Any CPU.Build.0 = Release|Any CPU
	EndGlobalSection
	GlobalSection(SolutionProperties) = preSolution
		HideSolutionNode = FALSE
	EndGlobalSection
	GlobalSection(ExtensibilityGlobals) = postSolution
		SolutionGuid = {6F52CBCF-2895-4799-93B3-E78BCEB0CDE5}
	EndGlobalSection
EndGlobal
